// !$*UTF8*$!
{
	archiveVersion = 1;
	classes = {
	};
	objectVersion = 46;
	objects = {

/* Begin PBXBuildFile section */
		DBA1590E1A1FAC4700171C12 /* main.m in Sources */ = {isa = PBXBuildFile; fileRef = DBA1590D1A1FAC4700171C12 /* main.m */; };
		DBA159111A1FAC4700171C12 /* AppDelegate.m in Sources */ = {isa = PBXBuildFile; fileRef = DBA159101A1FAC4700171C12 /* AppDelegate.m */; };
		DBA159141A1FAC4700171C12 /* ViewController.m in Sources */ = {isa = PBXBuildFile; fileRef = DBA159131A1FAC4700171C12 /* ViewController.m */; };
		DBA159171A1FAC4700171C12 /* Main.storyboard in Resources */ = {isa = PBXBuildFile; fileRef = DBA159151A1FAC4700171C12 /* Main.storyboard */; };
		DBA159191A1FAC4700171C12 /* Images.xcassets in Resources */ = {isa = PBXBuildFile; fileRef = DBA159181A1FAC4700171C12 /* Images.xcassets */; };
		DBA1591C1A1FAC4700171C12 /* LaunchScreen.xib in Resources */ = {isa = PBXBuildFile; fileRef = DBA1591A1A1FAC4700171C12 /* LaunchScreen.xib */; };
		DBA159281A1FAC4700171C12 /* SegueTestTests.m in Sources */ = {isa = PBXBuildFile; fileRef = DBA159271A1FAC4700171C12 /* SegueTestTests.m */; };
		DBA159331A1FAEA800171C12 /* ProxyNavigationController.m in Sources */ = {isa = PBXBuildFile; fileRef = DBA159321A1FAEA800171C12 /* ProxyNavigationController.m */; };
		DBA159361A1FAF4B00171C12 /* ChildViewController.m in Sources */ = {isa = PBXBuildFile; fileRef = DBA159351A1FAF4B00171C12 /* ChildViewController.m */; };
		DBA159391A1FAF6200171C12 /* CustomSegue.m in Sources */ = {isa = PBXBuildFile; fileRef = DBA159381A1FAF6200171C12 /* CustomSegue.m */; };
/* End PBXBuildFile section */

/* Begin PBXContainerItemProxy section */
		DBA159221A1FAC4700171C12 /* PBXContainerItemProxy */ = {
			isa = PBXContainerItemProxy;
			containerPortal = DBA159001A1FAC4700171C12 /* Project object */;
			proxyType = 1;
			remoteGlobalIDString = DBA159071A1FAC4700171C12;
			remoteInfo = SegueTest;
		};
/* End PBXContainerItemProxy section */

/* Begin PBXFileReference section */
		DBA159081A1FAC4700171C12 /* SegueTest.app */ = {isa = PBXFileReference; explicitFileType = wrapper.application; includeInIndex = 0; path = SegueTest.app; sourceTree = BUILT_PRODUCTS_DIR; };
		DBA1590C1A1FAC4700171C12 /* Info.plist */ = {isa = PBXFileReference; lastKnownFileType = text.plist.xml; path = Info.plist; sourceTree = "<group>"; };
		DBA1590D1A1FAC4700171C12 /* main.m */ = {isa = PBXFileReference; lastKnownFileType = sourcecode.c.objc; path = main.m; sourceTree = "<group>"; };
		DBA1590F1A1FAC4700171C12 /* AppDelegate.h */ = {isa = PBXFileReference; lastKnownFileType = sourcecode.c.h; path = AppDelegate.h; sourceTree = "<group>"; };
		DBA159101A1FAC4700171C12 /* AppDelegate.m */ = {isa = PBXFileReference; lastKnownFileType = sourcecode.c.objc; path = AppDelegate.m; sourceTree = "<group>"; };
		DBA159121A1FAC4700171C12 /* ViewController.h */ = {isa = PBXFileReference; lastKnownFileType = sourcecode.c.h; path = ViewController.h; sourceTree = "<group>"; };
		DBA159131A1FAC4700171C12 /* ViewController.m */ = {isa = PBXFileReference; lastKnownFileType = sourcecode.c.objc; path = ViewController.m; sourceTree = "<group>"; };
		DBA159161A1FAC4700171C12 /* Base */ = {isa = PBXFileReference; lastKnownFileType = file.storyboard; name = Base; path = Base.lproj/Main.storyboard; sourceTree = "<group>"; };
		DBA159181A1FAC4700171C12 /* Images.xcassets */ = {isa = PBXFileReference; lastKnownFileType = folder.assetcatalog; path = Images.xcassets; sourceTree = "<group>"; };
		DBA1591B1A1FAC4700171C12 /* Base */ = {isa = PBXFileReference; lastKnownFileType = file.xib; name = Base; path = Base.lproj/LaunchScreen.xib; sourceTree = "<group>"; };
		DBA159211A1FAC4700171C12 /* SegueTestTests.xctest */ = {isa = PBXFileReference; explicitFileType = wrapper.cfbundle; includeInIndex = 0; path = SegueTestTests.xctest; sourceTree = BUILT_PRODUCTS_DIR; };
		DBA159261A1FAC4700171C12 /* Info.plist */ = {isa = PBXFileReference; lastKnownFileType = text.plist.xml; path = Info.plist; sourceTree = "<group>"; };
		DBA159271A1FAC4700171C12 /* SegueTestTests.m */ = {isa = PBXFileReference; lastKnownFileType = sourcecode.c.objc; path = SegueTestTests.m; sourceTree = "<group>"; };
		DBA159311A1FAEA800171C12 /* ProxyNavigationController.h */ = {isa = PBXFileReference; fileEncoding = 4; lastKnownFileType = sourcecode.c.h; path = ProxyNavigationController.h; sourceTree = "<group>"; };
		DBA159321A1FAEA800171C12 /* ProxyNavigationController.m */ = {isa = PBXFileReference; fileEncoding = 4; lastKnownFileType = sourcecode.c.objc; path = ProxyNavigationController.m; sourceTree = "<group>"; };
		DBA159341A1FAF4B00171C12 /* ChildViewController.h */ = {isa = PBXFileReference; fileEncoding = 4; lastKnownFileType = sourcecode.c.h; path = ChildViewController.h; sourceTree = "<group>"; };
		DBA159351A1FAF4B00171C12 /* ChildViewController.m */ = {isa = PBXFileReference; fileEncoding = 4; lastKnownFileType = sourcecode.c.objc; path = ChildViewController.m; sourceTree = "<group>"; };
		DBA159371A1FAF6200171C12 /* CustomSegue.h */ = {isa = PBXFileReference; fileEncoding = 4; lastKnownFileType = sourcecode.c.h; path = CustomSegue.h; sourceTree = "<group>"; };
		DBA159381A1FAF6200171C12 /* CustomSegue.m */ = {isa = PBXFileReference; fileEncoding = 4; lastKnownFileType = sourcecode.c.objc; path = CustomSegue.m; sourceTree = "<group>"; };
/* End PBXFileReference section */

/* Begin PBXFrameworksBuildPhase section */
		DBA159051A1FAC4700171C12 /* Frameworks */ = {
			isa = PBXFrameworksBuildPhase;
			buildActionMask = 2147483647;
			files = (
			);
			runOnlyForDeploymentPostprocessing = 0;
		};
		DBA1591E1A1FAC4700171C12 /* Frameworks */ = {
			isa = PBXFrameworksBuildPhase;
			buildActionMask = 2147483647;
			files = (
			);
			runOnlyForDeploymentPostprocessing = 0;
		};
/* End PBXFrameworksBuildPhase section */

/* Begin PBXGroup section */
		DBA158FF1A1FAC4700171C12 = {
			isa = PBXGroup;
			children = (
				DBA1590A1A1FAC4700171C12 /* SegueTest */,
				DBA159241A1FAC4700171C12 /* SegueTestTests */,
				DBA159091A1FAC4700171C12 /* Products */,
			);
			sourceTree = "<group>";
		};
		DBA159091A1FAC4700171C12 /* Products */ = {
			isa = PBXGroup;
			children = (
				DBA159081A1FAC4700171C12 /* SegueTest.app */,
				DBA159211A1FAC4700171C12 /* SegueTestTests.xctest */,
			);
			name = Products;
			sourceTree = "<group>";
		};
		DBA1590A1A1FAC4700171C12 /* SegueTest */ = {
			isa = PBXGroup;
			children = (
				DBA1590F1A1FAC4700171C12 /* AppDelegate.h */,
				DBA159101A1FAC4700171C12 /* AppDelegate.m */,
				DBA159121A1FAC4700171C12 /* ViewController.h */,
				DBA159131A1FAC4700171C12 /* ViewController.m */,
				DBA159151A1FAC4700171C12 /* Main.storyboard */,
				DBA159181A1FAC4700171C12 /* Images.xcassets */,
				DBA1591A1A1FAC4700171C12 /* LaunchScreen.xib */,
				DBA1590B1A1FAC4700171C12 /* Supporting Files */,
				DBA159311A1FAEA800171C12 /* ProxyNavigationController.h */,
				DBA159321A1FAEA800171C12 /* ProxyNavigationController.m */,
				DBA159341A1FAF4B00171C12 /* ChildViewController.h */,
				DBA159351A1FAF4B00171C12 /* ChildViewController.m */,
				DBA159371A1FAF6200171C12 /* CustomSegue.h */,
				DBA159381A1FAF6200171C12 /* CustomSegue.m */,
			);
			path = SegueTest;
			sourceTree = "<group>";
		};
		DBA1590B1A1FAC4700171C12 /* Supporting Files */ = {
			isa = PBXGroup;
			children = (
				DBA1590C1A1FAC4700171C12 /* Info.plist */,
				DBA1590D1A1FAC4700171C12 /* main.m */,
			);
			name = "Supporting Files";
			sourceTree = "<group>";
		};
		DBA159241A1FAC4700171C12 /* SegueTestTests */ = {
			isa = PBXGroup;
			children = (
				DBA159271A1FAC4700171C12 /* SegueTestTests.m */,
				DBA159251A1FAC4700171C12 /* Supporting Files */,
			);
			path = SegueTestTests;
			sourceTree = "<group>";
		};
		DBA159251A1FAC4700171C12 /* Supporting Files */ = {
			isa = PBXGroup;
			children = (
				DBA159261A1FAC4700171C12 /* Info.plist */,
			);
			name = "Supporting Files";
			sourceTree = "<group>";
		};
/* End PBXGroup section */

/* Begin PBXNativeTarget section */
		DBA159071A1FAC4700171C12 /* SegueTest */ = {
			isa = PBXNativeTarget;
			buildConfigurationList = DBA1592B1A1FAC4700171C12 /* Build configuration list for PBXNativeTarget "SegueTest" */;
			buildPhases = (
				DBA159041A1FAC4700171C12 /* Sources */,
				DBA159051A1FAC4700171C12 /* Frameworks */,
				DBA159061A1FAC4700171C12 /* Resources */,
			);
			buildRules = (
			);
			dependencies = (
			);
			name = SegueTest;
			productName = SegueTest;
			productReference = DBA159081A1FAC4700171C12 /* SegueTest.app */;
			productType = "com.apple.product-type.application";
		};
		DBA159201A1FAC4700171C12 /* SegueTestTests */ = {
			isa = PBXNativeTarget;
			buildConfigurationList = DBA1592E1A1FAC4700171C12 /* Build configuration list for PBXNativeTarget "SegueTestTests" */;
			buildPhases = (
				DBA1591D1A1FAC4700171C12 /* Sources */,
				DBA1591E1A1FAC4700171C12 /* Frameworks */,
				DBA1591F1A1FAC4700171C12 /* Resources */,
			);
			buildRules = (
			);
			dependencies = (
				DBA159231A1FAC4700171C12 /* PBXTargetDependency */,
			);
			name = SegueTestTests;
			productName = SegueTestTests;
			productReference = DBA159211A1FAC4700171C12 /* SegueTestTests.xctest */;
			productType = "com.apple.product-type.bundle.unit-test";
		};
/* End PBXNativeTarget section */

/* Begin PBXProject section */
		DBA159001A1FAC4700171C12 /* Project object */ = {
			isa = PBXProject;
			attributes = {
				LastUpgradeCheck = 0610;
				ORGANIZATIONNAME = "Levi Brown";
				TargetAttributes = {
					DBA159071A1FAC4700171C12 = {
						CreatedOnToolsVersion = 6.1;
					};
					DBA159201A1FAC4700171C12 = {
						CreatedOnToolsVersion = 6.1;
						TestTargetID = DBA159071A1FAC4700171C12;
					};
				};
			};
			buildConfigurationList = DBA159031A1FAC4700171C12 /* Build configuration list for PBXProject "SegueTest" */;
			compatibilityVersion = "Xcode 3.2";
			developmentRegion = English;
			hasScannedForEncodings = 0;
			knownRegions = (
				en,
				Base,
			);
			mainGroup = DBA158FF1A1FAC4700171C12;
			productRefGroup = DBA159091A1FAC4700171C12 /* Products */;
			projectDirPath = "";
			projectRoot = "";
			targets = (
				DBA159071A1FAC4700171C12 /* SegueTest */,
				DBA159201A1FAC4700171C12 /* SegueTestTests */,
			);
		};
/* End PBXProject section */

/* Begin PBXResourcesBuildPhase section */
		DBA159061A1FAC4700171C12 /* Resources */ = {
			isa = PBXResourcesBuildPhase;
			buildActionMask = 2147483647;
			files = (
				DBA159171A1FAC4700171C12 /* Main.storyboard in Resources */,
				DBA1591C1A1FAC4700171C12 /* LaunchScreen.xib in Resources */,
				DBA159191A1FAC4700171C12 /* Images.xcassets in Resources */,
			);
			runOnlyForDeploymentPostprocessing = 0;
		};
		DBA1591F1A1FAC4700171C12 /* Resources */ = {
			isa = PBXResourcesBuildPhase;
			buildActionMask = 2147483647;
			files = (
			);
			runOnlyForDeploymentPostprocessing = 0;
		};
/* End PBXResourcesBuildPhase section */

/* Begin PBXSourcesBuildPhase section */
		DBA159041A1FAC4700171C12 /* Sources */ = {
			isa = PBXSourcesBuildPhase;
			buildActionMask = 2147483647;
			files = (
				DBA159331A1FAEA800171C12 /* ProxyNavigationController.m in Sources */,
				DBA159141A1FAC4700171C12 /* ViewController.m in Sources */,
				DBA159391A1FAF6200171C12 /* CustomSegue.m in Sources */,
				DBA159361A1FAF4B00171C12 /* ChildViewController.m in Sources */,
				DBA159111A1FAC4700171C12 /* AppDelegate.m in Sources */,
				DBA1590E1A1FAC4700171C12 /* main.m in Sources */,
			);
			runOnlyForDeploymentPostprocessing = 0;
		};
		DBA1591D1A1FAC4700171C12 /* Sources */ = {
			isa = PBXSourcesBuildPhase;
			buildActionMask = 2147483647;
			files = (
				DBA159281A1FAC4700171C12 /* SegueTestTests.m in Sources */,
			);
			runOnlyForDeploymentPostprocessing = 0;
		};
/* End PBXSourcesBuildPhase section */

/* Begin PBXTargetDependency section */
		DBA159231A1FAC4700171C12 /* PBXTargetDependency */ = {
			isa = PBXTargetDependency;
			target = DBA159071A1FAC4700171C12 /* SegueTest */;
			targetProxy = DBA159221A1FAC4700171C12 /* PBXContainerItemProxy */;
		};
/* End PBXTargetDependency section */

/* Begin PBXVariantGroup section */
		DBA159151A1FAC4700171C12 /* Main.storyboard */ = {
			isa = PBXVariantGroup;
			children = (
				DBA159161A1FAC4700171C12 /* Base */,
			);
			name = Main.storyboard;
			sourceTree = "<group>";
		};
		DBA1591A1A1FAC4700171C12 /* LaunchScreen.xib */ = {
			isa = PBXVariantGroup;
			children = (
				DBA1591B1A1FAC4700171C12 /* Base */,
			);
			name = LaunchScreen.xib;
			sourceTree = "<group>";
		};
/* End PBXVariantGroup section */

/* Begin XCBuildConfiguration section */
		DBA159291A1FAC4700171C12 /* Debug */ = {
			isa = XCBuildConfiguration;
			buildSettings = {
				ALWAYS_SEARCH_USER_PATHS = NO;
				CLANG_CXX_LANGUAGE_STANDARD = "gnu++0x";
				CLANG_CXX_LIBRARY = "libc++";
				CLANG_ENABLE_MODULES = YES;
				CLANG_ENABLE_OBJC_ARC = YES;
				CLANG_WARN_BOOL_CONVERSION = YES;
				CLANG_WARN_CONSTANT_CONVERSION = YES;
				CLANG_WARN_DIRECT_OBJC_ISA_USAGE = YES_ERROR;
				CLANG_WARN_EMPTY_BODY = YES;
				CLANG_WARN_ENUM_CONVERSION = YES;
				CLANG_WARN_INT_CONVERSION = YES;
				CLANG_WARN_OBJC_ROOT_CLASS = YES_ERROR;
				CLANG_WARN_UNREACHABLE_CODE = YES;
				CLANG_WARN__DUPLICATE_METHOD_MATCH = YES;
				"CODE_SIGN_IDENTITY[sdk=iphoneos*]" = "iPhone Developer";
				COPY_PHASE_STRIP = NO;
				ENABLE_STRICT_OBJC_MSGSEND = YES;
				GCC_C_LANGUAGE_STANDARD = gnu99;
				GCC_DYNAMIC_NO_PIC = NO;
				GCC_OPTIMIZATION_LEVEL = 0;
				GCC_PREPROCESSOR_DEFINITIONS = (
					"DEBUG=1",
					"$(inherited)",
				);
				GCC_SYMBOLS_PRIVATE_EXTERN = NO;
				GCC_WARN_64_TO_32_BIT_CONVERSION = YES;
				GCC_WARN_ABOUT_RETURN_TYPE = YES_ERROR;
				GCC_WARN_UNDECLARED_SELECTOR = YES;
				GCC_WARN_UNINITIALIZED_AUTOS = YES_AGGRESSIVE;
				GCC_WARN_UNUSED_FUNCTION = YES;
				GCC_WARN_UNUSED_VARIABLE = YES;
				IPHONEOS_DEPLOYMENT_TARGET = 8.1;
				MTL_ENABLE_DEBUG_INFO = YES;
				ONLY_ACTIVE_ARCH = YES;
				SDKROOT = iphoneos;
			};
			name = Debug;
		};
		DBA1592A1A1FAC4700171C12 /* Release */ = {
			isa = XCBuildConfiguration;
			buildSettings = {
				ALWAYS_SEARCH_USER_PATHS = NO;
				CLANG_CXX_LANGUAGE_STANDARD = "gnu++0x";
				CLANG_CXX_LIBRARY = "libc++";
				CLANG_ENABLE_MODULES = YES;
				CLANG_ENABLE_OBJC_ARC = YES;
				CLANG_WARN_BOOL_CONVERSION = YES;
				CLANG_WARN_CONSTANT_CONVERSION = YES;
				CLANG_WARN_DIRECT_OBJC_ISA_USAGE = YES_ERROR;
				CLANG_WARN_EMPTY_BODY = YES;
				CLANG_WARN_ENUM_CONVERSION = YES;
				CLANG_WARN_INT_CONVERSION = YES;
				CLANG_WARN_OBJC_ROOT_CLASS = YES_ERROR;
				CLANG_WARN_UNREACHABLE_CODE = YES;
				CLANG_WARN__DUPLICATE_METHOD_MATCH = YES;
				"CODE_SIGN_IDENTITY[sdk=iphoneos*]" = "iPhone Developer";
				COPY_PHASE_STRIP = YES;
				ENABLE_NS_ASSERTIONS = NO;
				ENABLE_STRICT_OBJC_MSGSEND = YES;
				GCC_C_LANGUAGE_STANDARD = gnu99;
				GCC_WARN_64_TO_32_BIT_CONVERSION = YES;
				GCC_WARN_ABOUT_RETURN_TYPE = YES_ERROR;
				GCC_WARN_UNDECLARED_SELECTOR = YES;
				GCC_WARN_UNINITIALIZED_AUTOS = YES_AGGRESSIVE;
				GCC_WARN_UNUSED_FUNCTION = YES;
				GCC_WARN_UNUSED_VARIABLE = YES;
				IPHONEOS_DEPLOYMENT_TARGET = 8.1;
				MTL_ENABLE_DEBUG_INFO = NO;
				SDKROOT = iphoneos;
				VALIDATE_PRODUCT = YES;
			};
			name = Release;
		};
		DBA1592C1A1FAC4700171C12 /* Debug */ = {
			isa = XCBuildConfiguration;
			buildSettings = {
				ASSETCATALOG_COMPILER_APPICON_NAME = AppIcon;
				INFOPLIST_FILE = SegueTest/Info.plist;
				LD_RUNPATH_SEARCH_PATHS = "$(inherited) @executable_path/Frameworks";
				PRODUCT_NAME = "$(TARGET_NAME)";
			};
			name = Debug;
		};
		DBA1592D1A1FAC4700171C12 /* Release */ = {
			isa = XCBuildConfiguration;
			buildSettings = {
				ASSETCATALOG_COMPILER_APPICON_NAME = AppIcon;
				INFOPLIST_FILE = SegueTest/Info.plist;
				LD_RUNPATH_SEARCH_PATHS = "$(inherited) @executable_path/Frameworks";
				PRODUCT_NAME = "$(TARGET_NAME)";
			};
			name = Release;
		};
		DBA1592F1A1FAC4700171C12 /* Debug */ = {
			isa = XCBuildConfiguration;
			buildSettings = {
				BUNDLE_LOADER = "$(TEST_HOST)";
				FRAMEWORK_SEARCH_PATHS = (
					"$(SDKROOT)/Developer/Library/Frameworks",
					"$(inherited)",
				);
				GCC_PREPROCESSOR_DEFINITIONS = (
					"DEBUG=1",
					"$(inherited)",
				);
				INFOPLIST_FILE = SegueTestTests/Info.plist;
				LD_RUNPATH_SEARCH_PATHS = "$(inherited) @executable_path/Frameworks @loader_path/Frameworks";
				PRODUCT_NAME = "$(TARGET_NAME)";
				TEST_HOST = "$(BUILT_PRODUCTS_DIR)/SegueTest.app/SegueTest";
			};
			name = Debug;
		};
		DBA159301A1FAC4700171C12 /* Release */ = {
			isa = XCBuildConfiguration;
			buildSettings = {
				BUNDLE_LOADER = "$(TEST_HOST)";
				FRAMEWORK_SEARCH_PATHS = (
					"$(SDKROOT)/Developer/Library/Frameworks",
					"$(inherited)",
				);
				INFOPLIST_FILE = SegueTestTests/Info.plist;
				LD_RUNPATH_SEARCH_PATHS = "$(inherited) @executable_path/Frameworks @loader_path/Frameworks";
				PRODUCT_NAME = "$(TARGET_NAME)";
				TEST_HOST = "$(BUILT_PRODUCTS_DIR)/SegueTest.app/SegueTest";
			};
			name = Release;
		};
/* End XCBuildConfiguration section */

/* Begin XCConfigurationList section */
		DBA159031A1FAC4700171C12 /* Build configuration list for PBXProject "SegueTest" */ = {
			isa = XCConfigurationList;
			buildConfigurations = (
				DBA159291A1FAC4700171C12 /* Debug */,
				DBA1592A1A1FAC4700171C12 /* Release */,
			);
			defaultConfigurationIsVisible = 0;
			defaultConfigurationName = Release;
		};
		DBA1592B1A1FAC4700171C12 /* Build configuration list for PBXNativeTarget "SegueTest" */ = {
			isa = XCConfigurationList;
			buildConfigurations = (
				DBA1592C1A1FAC4700171C12 /* Debug */,
				DBA1592D1A1FAC4700171C12 /* Release */,
			);
			defaultConfigurationIsVisible = 0;
		};
		DBA1592E1A1FAC4700171C12 /* Build configuration list for PBXNativeTarget "SegueTestTests" */ = {
			isa = XCConfigurationList;
			buildConfigurations = (
				DBA1592F1A1FAC4700171C12 /* Debug */,
				DBA159301A1FAC4700171C12 /* Release */,
			);
			defaultConfigurationIsVisible = 0;
		};
/* End XCConfigurationList section */
	};
	rootObject = DBA159001A1FAC4700171C12 /* Project object */;
}
